# @generated - this file is auto-generated by `mise lock` https://mise.en.dev/dev-tools/mise-lock.html

[[tools.bun]]
version = "1.2.15"
backend = "core:bun"

[tools.bun."platforms.linux-arm64"]
checksum = "sha256:3c3d006148f37200f967fd8070eefb340468287bacb44524a31cad1ee9d3bb7b"
url = "https://github.com/oven-sh/bun/releases/download/bun-v1.2.15/bun-linux-aarch64.zip"

[tools.bun."platforms.linux-arm64-musl"]
checksum = "sha256:af882b4fe25c631f0bc6a99e9dcb46d5fb3c43c754b3bd99aee0a36d2a5695ec"
url = "https://github.com/oven-sh/bun/releases/download/bun-v1.2.15/bun-linux-aarch64-musl.zip"

[tools.bun."platforms.linux-x64"]
checksum = "sha256:a261626367835bb3754a01ae07f884484ed17b0886b01e417b799591fa4d7901"
url = "https://github.com/oven-sh/bun/releases/download/bun-v1.2.15/bun-linux-x64.zip"

[tools.bun."platforms.linux-x64-baseline"]
checksum = "sha256:386ca291c7fa98720d0e94daa1133af811e69fa24352558a403c1b9759e7eb98"
url = "https://github.com/oven-sh/bun/releases/download/bun-v1.2.15/bun-linux-x64-baseline.zip"

[tools.bun."platforms.linux-x64-musl"]
checksum = "sha256:62679ccfeb1e2e62866042c5f52c46f82e1440a28b07ed79208b0f965fb98650"
url = "https://github.com/oven-sh/bun/releases/download/bun-v1.2.15/bun-linux-x64-musl.zip"

[tools.bun."platforms.linux-x64-musl-baseline"]
checksum = "sha256:9070bb85ebf48d0528f400f29e98eb39afd49378a09d2b6cb24222f9c2890644"
url = "https://github.com/oven-sh/bun/releases/download/bun-v1.2.15/bun-linux-x64-musl-baseline.zip"

[tools.bun."platforms.macos-arm64"]
checksum = "sha256:ab0cd6fc7fc8d1ee4f8166d99b71086d4793c5aee0d0b5c73fdf9b70fa47ded4"
url = "https://github.com/oven-sh/bun/releases/download/bun-v1.2.15/bun-darwin-aarch64.zip"

[tools.bun."platforms.macos-x64"]
checksum = "sha256:a4d26f5f3c9e066493d7402d45a201defcde8f8f415cc1b54fb874d02d15940f"
url = "https://github.com/oven-sh/bun/releases/download/bun-v1.2.15/bun-darwin-x64.zip"

[tools.bun."platforms.macos-x64-baseline"]
checksum = "sha256:60b324330bb141a87a078ad01baa3f0b8ccfc2896fdcc72c005ab54a79099935"
url = "https://github.com/oven-sh/bun/releases/download/bun-v1.2.15/bun-darwin-x64-baseline.zip"

[tools.bun."platforms.windows-x64"]
checksum = "sha256:3cbfc2668aebd86718b9414fd4a4b4b1ec34a21ca544517310833563a937272f"
url = "https://github.com/oven-sh/bun/releases/download/bun-v1.2.15/bun-windows-x64.zip"

[tools.bun."platforms.windows-x64-baseline"]
checksum = "sha256:fba7ac11d11e79583440cfd20dbafc7b4d350de006d1ecf4a54a9931c5765af2"
url = "https://github.com/oven-sh/bun/releases/download/bun-v1.2.15/bun-windows-x64-baseline.zip"

[[tools.terraform]]
version = "1.15.5"
backend = "aqua:hashicorp/terraform"

[tools.terraform."platforms.linux-arm64"]
checksum = "sha256:06e7b48de826146c6d9331ba35b13da12332d8392be30d1dd6b789ba4713fff0"
url = "https://releases.hashicorp.com/terraform/1.15.5/terraform_1.15.5_linux_arm64.zip"

[tools.terraform."platforms.linux-arm64-musl"]
checksum = "sha256:06e7b48de826146c6d9331ba35b13da12332d8392be30d1dd6b789ba4713fff0"
url = "https://releases.hashicorp.com/terraform/1.15.5/terraform_1.15.5_linux_arm64.zip"

[tools.terraform."platforms.linux-x64"]
checksum = "sha256:702b2136af6728c8ff037f843dd2dbce2b7ad88786b7381d1d72aefa250f601c"
url = "https://releases.hashicorp.com/terraform/1.15.5/terraform_1.15.5_linux_amd64.zip"

[tools.terraform."platforms.linux-x64-musl"]
checksum = "sha256:702b2136af6728c8ff037f843dd2dbce2b7ad88786b7381d1d72aefa250f601c"
url = "https://releases.hashicorp.com/terraform/1.15.5/terraform_1.15.5_linux_amd64.zip"

[tools.terraform."platforms.macos-arm64"]
checksum = "sha256:01137660510005b918bba82154866fbeac4393163d8277c2abe861dfb5842c3c"
url = "https://releases.hashicorp.com/terraform/1.15.5/terraform_1.15.5_darwin_arm64.zip"

[tools.terraform."platforms.macos-x64"]
checksum = "sha256:3687d07c034b3e7deed5b072cd8ae2b34835bcb139baec3fc4f5fd534dabf5ed"
url = "https://releases.hashicorp.com/terraform/1.15.5/terraform_1.15.5_darwin_amd64.zip"

[tools.terraform."platforms.windows-x64"]
checksum = "sha256:2f652dd854af7b7fbb51301afc55b5ef1d3f6e287be7889d4cc3818df891cd38"
url = "https://releases.hashicorp.com/terraform/1.15.5/terraform_1.15.5_windows_amd64.zip"
